
Microsoft Visual Studio Solution File, Format Version 12.00
# Visual Studio 15
VisualStudioVersion = 15.0.28010.2050
MinimumVisualStudioVersion = 10.0.40219.1
Project("{2150E333-8FDC-42A3-9474-1A3956D46DE8}") = "1 - Presentation", "1 - Presentation", "{DE41D587-4654-4D2B-A03B-DEE69DCF8436}"
EndProject
Project("{2150E333-8FDC-42A3-9474-1A3956D46DE8}") = "2 - Application", "2 - Application", "{FB3DFC2C-A922-4ECC-A8FD-6C780AC55FD4}"
EndProject
Project("{2150E333-8FDC-42A3-9474-1A3956D46DE8}") = "3 - Domain", "3 - Domain", "{79C49048-8D75-46A4-98C1-9AA51E7C2DA0}"
EndProject
Project("{2150E333-8FDC-42A3-9474-1A3956D46DE8}") = "4 - Infra", "4 - Infra", "{1FDA6B9E-90CF-40F0-9F70-81D8834F2AB7}"
EndProject
Project("{2150E333-8FDC-42A3-9474-1A3956D46DE8}") = "5 - Tests", "5 - Tests", "{6F2F1C68-23D3-4920-9B37-A0A514171B46}"
EndProject
Project("{9A19103F-16F7-4668-BE54-9A1E7A4F7556}") = "Services", "2 - Application\Services\Services.csproj", "{849AC400-D55F-44D6-B137-D1353FF7E36A}"
EndProject
Project("{9A19103F-16F7-4668-BE54-9A1E7A4F7556}") = "Domain", "3 - Domain\Domain\Domain.csproj", "{1B0D0E9F-B809-403D-A512-D92B59DA4AE1}"
EndProject
Project("{9A19103F-16F7-4668-BE54-9A1E7A4F7556}") = "Ioc", "4 - Infra\Ioc\Ioc.csproj", "{D099A00A-4F4B-4D61-84FB-F0C90101081D}"
EndProject
Project("{9A19103F-16F7-4668-BE54-9A1E7A4F7556}") = "Data", "4 - Infra\Data\Data.csproj", "{6B5ADD80-9640-49E0-951C-7C770F5FDE87}"
EndProject
Project("{9A19103F-16F7-4668-BE54-9A1E7A4F7556}") = "Dtos", "2 - Application\Dtos\Dtos.csproj", "{BAA96363-86CD-4707-B5BE-5B362A52DBBE}"
EndProject
Project("{9A19103F-16F7-4668-BE54-9A1E7A4F7556}") = "CrossCutting", "CrossCutting\CrossCutting.csproj", "{0FF9D007-D71F-4540-A7C1-B12610581957}"
EndProject
Project("{9A19103F-16F7-4668-BE54-9A1E7A4F7556}") = "WebApi", "WebApplication1\WebApi.csproj", "{DC735B38-A565-4B72-8C65-9B127186C0AD}"
EndProject
Project("{9A19103F-16F7-4668-BE54-9A1E7A4F7556}") = "GerarArquivo", "1 - Presentation\GerarArquivo\GerarArquivo.csproj", "{C9A88031-DDAF-497E-B906-649B5D3FEAB0}"
EndProject
Project("{FAE04EC0-301F-11D3-BF4B-00C04F79EFBC}") = "Tests", "5 - Tests\Tests\Tests.csproj", "{E687B3AD-B0C7-449F-B657-07EB31CB8D78}"
EndProject
Global
	GlobalSection(SolutionConfigurationPlatforms) = preSolution
		Debug|Any CPU = Debug|Any CPU
		Release|Any CPU = Release|Any CPU
	EndGlobalSection
	GlobalSection(ProjectConfigurationPlatforms) = postSolution
		{849AC400-D55F-44D6-B137-D1353FF7E36A}.Debug|Any CPU.ActiveCfg = Debug|Any CPU
		{849AC400-D55F-44D6-B137-D1353FF7E36A}.Debug|Any CPU.Build.0 = Debug|Any CPU
		{849AC400-D55F-44D6-B137-D1353FF7E36A}.Release|Any CPU.ActiveCfg = Release|Any CPU
		{849AC400-D55F-44D6-B137-D1353FF7E36A}.Release|Any CPU.Build.0 = Release|Any CPU
		{1B0D0E9F-B809-403D-A512-D92B59DA4AE1}.Debug|Any CPU.ActiveCfg = Debug|Any CPU
		{1B0D0E9F-B809-403D-A512-D92B59DA4AE1}.Debug|Any CPU.Build.0 = Debug|Any CPU
		{1B0D0E9F-B809-403D-A512-D92B59DA4AE1}.Release|Any CPU.ActiveCfg = Release|Any CPU
		{1B0D0E9F-B809-403D-A512-D92B59DA4AE1}.Release|Any CPU.Build.0 = Release|Any CPU
		{D099A00A-4F4B-4D61-84FB-F0C90101081D}.Debug|Any CPU.ActiveCfg = Debug|Any CPU
		{D099A00A-4F4B-4D61-84FB-F0C90101081D}.Debug|Any CPU.Build.0 = Debug|Any CPU
		{D099A00A-4F4B-4D61-84FB-F0C90101081D}.Release|Any CPU.ActiveCfg = Release|Any CPU
		{D099A00A-4F4B-4D61-84FB-F0C90101081D}.Release|Any CPU.Build.0 = Release|Any CPU
		{6B5ADD80-9640-49E0-951C-7C770F5FDE87}.Debug|Any CPU.ActiveCfg = Debug|Any CPU
		{6B5ADD80-9640-49E0-951C-7C770F5FDE87}.Debug|Any CPU.Build.0 = Debug|Any CPU
		{6B5ADD80-9640-49E0-951C-7C770F5FDE87}.Release|Any CPU.ActiveCfg = Release|Any CPU
		{6B5ADD80-9640-49E0-951C-7C770F5FDE87}.Release|Any CPU.Build.0 = Release|Any CPU
		{BAA96363-86CD-4707-B5BE-5B362A52DBBE}.Debug|Any CPU.ActiveCfg = Debug|Any CPU
		{BAA96363-86CD-4707-B5BE-5B362A52DBBE}.Debug|Any CPU.Build.0 = Debug|Any CPU
		{BAA96363-86CD-4707-B5BE-5B362A52DBBE}.Release|Any CPU.ActiveCfg = Release|Any CPU
		{BAA96363-86CD-4707-B5BE-5B362A52DBBE}.Release|Any CPU.Build.0 = Release|Any CPU
		{0FF9D007-D71F-4540-A7C1-B12610581957}.Debug|Any CPU.ActiveCfg = Debug|Any CPU
		{0FF9D007-D71F-4540-A7C1-B12610581957}.Debug|Any CPU.Build.0 = Debug|Any CPU
		{0FF9D007-D71F-4540-A7C1-B12610581957}.Release|Any CPU.ActiveCfg = Release|Any CPU
		{0FF9D007-D71F-4540-A7C1-B12610581957}.Release|Any CPU.Build.0 = Release|Any CPU
		{DC735B38-A565-4B72-8C65-9B127186C0AD}.Debug|Any CPU.ActiveCfg = Debug|Any CPU
		{DC735B38-A565-4B72-8C65-9B127186C0AD}.Debug|Any CPU.Build.0 = Debug|Any CPU
		{DC735B38-A565-4B72-8C65-9B127186C0AD}.Release|Any CPU.ActiveCfg = Release|Any CPU
		{DC735B38-A565-4B72-8C65-9B127186C0AD}.Release|Any CPU.Build.0 = Release|Any CPU
		{C9A88031-DDAF-497E-B906-649B5D3FEAB0}.Debug|Any CPU.ActiveCfg = Debug|Any CPU
		{C9A88031-DDAF-497E-B906-649B5D3FEAB0}.Debug|Any CPU.Build.0 = Debug|Any CPU
		{C9A88031-DDAF-497E-B906-649B5D3FEAB0}.Release|Any CPU.ActiveCfg = Release|Any CPU
		{C9A88031-DDAF-497E-B906-649B5D3FEAB0}.Release|Any CPU.Build.0 = Release|Any CPU
		{E687B3AD-B0C7-449F-B657-07EB31CB8D78}.Debug|Any CPU.ActiveCfg = Debug|Any CPU
		{E687B3AD-B0C7-449F-B657-07EB31CB8D78}.Debug|Any CPU.Build.0 = Debug|Any CPU
		{E687B3AD-B0C7-449F-B657-07EB31CB8D78}.Release|Any CPU.ActiveCfg = Release|Any CPU
		{E687B3AD-B0C7-449F-B657-07EB31CB8D78}.Release|Any CPU.Build.0 = Release|Any CPU
	EndGlobalSection
	GlobalSection(SolutionProperties) = preSolution
		HideSolutionNode = FALSE
	EndGlobalSection
	GlobalSection(NestedProjects) = preSolution
		{849AC400-D55F-44D6-B137-D1353FF7E36A} = {FB3DFC2C-A922-4ECC-A8FD-6C780AC55FD4}
		{1B0D0E9F-B809-403D-A512-D92B59DA4AE1} = {79C49048-8D75-46A4-98C1-9AA51E7C2DA0}
		{D099A00A-4F4B-4D61-84FB-F0C90101081D} = {1FDA6B9E-90CF-40F0-9F70-81D8834F2AB7}
		{6B5ADD80-9640-49E0-951C-7C770F5FDE87} = {1FDA6B9E-90CF-40F0-9F70-81D8834F2AB7}
		{BAA96363-86CD-4707-B5BE-5B362A52DBBE} = {FB3DFC2C-A922-4ECC-A8FD-6C780AC55FD4}
		{0FF9D007-D71F-4540-A7C1-B12610581957} = {1FDA6B9E-90CF-40F0-9F70-81D8834F2AB7}
		{DC735B38-A565-4B72-8C65-9B127186C0AD} = {DE41D587-4654-4D2B-A03B-DEE69DCF8436}
		{C9A88031-DDAF-497E-B906-649B5D3FEAB0} = {DE41D587-4654-4D2B-A03B-DEE69DCF8436}
		{E687B3AD-B0C7-449F-B657-07EB31CB8D78} = {6F2F1C68-23D3-4920-9B37-A0A514171B46}
	EndGlobalSection
	GlobalSection(ExtensibilityGlobals) = postSolution
		SolutionGuid = {89ECCA1A-F17E-4F53-A00E-CEBA159818D8}
	EndGlobalSection
EndGlobal
